
Microsoft Visual Studio Solution File, Format Version 12.00
# Visual Studio 14
VisualStudioVersion = 14.0.24720.0
MinimumVisualStudioVersion = 10.0.40219.1
Project("{FAE04EC0-301F-11D3-BF4B-00C04F79EFBC}") = "AnayaRojo.Tools", "AnayaRojo.Tools\AnayaRojo.Tools.csproj", "{CF00B72F-2C7F-4075-B9EC-34476EF8BDB1}"
EndProject
Project("{FAE04EC0-301F-11D3-BF4B-00C04F79EFBC}") = "AnayaRojo.Tools.Tests.Log", "AnayaRojo.Tools.Tests.Log\AnayaRojo.Tools.Tests.Log.csproj", "{4F42AD33-17D0-41B8-8523-AA0FD229BA56}"
EndProject
Project("{FAE04EC0-301F-11D3-BF4B-00C04F79EFBC}") = "AnayaRojo.Tools.Tests.LogException", "AnayaRojo.Tools.Tests.LogException\AnayaRojo.Tools.Tests.LogException.csproj", "{A7A789A2-A941-4084-A52A-EDDA08C86F9D}"
EndProject
Project("{FAE04EC0-301F-11D3-BF4B-00C04F79EFBC}") = "AnayaRojo.Tools.Tests.Debug", "AnayaRojo.Tools.Tests.Debug\AnayaRojo.Tools.Tests.Debug.csproj", "{03E4D82E-34E2-4676-929A-B3254CC6B69F}"
EndProject
Global
	GlobalSection(SolutionConfigurationPlatforms) = preSolution
		Debug|Any CPU = Debug|Any CPU
		Release|Any CPU = Release|Any CPU
		Release-net45|Any CPU = Release-net45|Any CPU
		Release-net451|Any CPU = Release-net451|Any CPU
		Release-net452|Any CPU = Release-net452|Any CPU
		Release-net46|Any CPU = Release-net46|Any CPU
		Release-net461|Any CPU = Release-net461|Any CPU
	EndGlobalSection
	GlobalSection(ProjectConfigurationPlatforms) = postSolution
		{CF00B72F-2C7F-4075-B9EC-34476EF8BDB1}.Debug|Any CPU.ActiveCfg = Debug|Any CPU
		{CF00B72F-2C7F-4075-B9EC-34476EF8BDB1}.Debug|Any CPU.Build.0 = Debug|Any CPU
		{CF00B72F-2C7F-4075-B9EC-34476EF8BDB1}.Release|Any CPU.ActiveCfg = Release|Any CPU
		{CF00B72F-2C7F-4075-B9EC-34476EF8BDB1}.Release|Any CPU.Build.0 = Release|Any CPU
		{CF00B72F-2C7F-4075-B9EC-34476EF8BDB1}.Release-net45|Any CPU.ActiveCfg = Release-net45|Any CPU
		{CF00B72F-2C7F-4075-B9EC-34476EF8BDB1}.Release-net45|Any CPU.Build.0 = Release-net45|Any CPU
		{CF00B72F-2C7F-4075-B9EC-34476EF8BDB1}.Release-net451|Any CPU.ActiveCfg = Release-net451|Any CPU
		{CF00B72F-2C7F-4075-B9EC-34476EF8BDB1}.Release-net451|Any CPU.Build.0 = Release-net451|Any CPU
		{CF00B72F-2C7F-4075-B9EC-34476EF8BDB1}.Release-net452|Any CPU.ActiveCfg = Release-net452|Any CPU
		{CF00B72F-2C7F-4075-B9EC-34476EF8BDB1}.Release-net452|Any CPU.Build.0 = Release-net452|Any CPU
		{CF00B72F-2C7F-4075-B9EC-34476EF8BDB1}.Release-net46|Any CPU.ActiveCfg = Release-net46|Any CPU
		{CF00B72F-2C7F-4075-B9EC-34476EF8BDB1}.Release-net46|Any CPU.Build.0 = Release-net46|Any CPU
		{CF00B72F-2C7F-4075-B9EC-34476EF8BDB1}.Release-net461|Any CPU.ActiveCfg = Release-net461|Any CPU
		{CF00B72F-2C7F-4075-B9EC-34476EF8BDB1}.Release-net461|Any CPU.Build.0 = Release-net461|Any CPU
		{4F42AD33-17D0-41B8-8523-AA0FD229BA56}.Debug|Any CPU.ActiveCfg = Debug|Any CPU
		{4F42AD33-17D0-41B8-8523-AA0FD229BA56}.Debug|Any CPU.Build.0 = Debug|Any CPU
		{4F42AD33-17D0-41B8-8523-AA0FD229BA56}.Release|Any CPU.ActiveCfg = Release|Any CPU
		{4F42AD33-17D0-41B8-8523-AA0FD229BA56}.Release|Any CPU.Build.0 = Release|Any CPU
		{4F42AD33-17D0-41B8-8523-AA0FD229BA56}.Release-net45|Any CPU.ActiveCfg = Release|Any CPU
		{4F42AD33-17D0-41B8-8523-AA0FD229BA56}.Release-net45|Any CPU.Build.0 = Release|Any CPU
		{4F42AD33-17D0-41B8-8523-AA0FD229BA56}.Release-net451|Any CPU.ActiveCfg = Release|Any CPU
		{4F42AD33-17D0-41B8-8523-AA0FD229BA56}.Release-net451|Any CPU.Build.0 = Release|Any CPU
		{4F42AD33-17D0-41B8-8523-AA0FD229BA56}.Release-net452|Any CPU.ActiveCfg = Release|Any CPU
		{4F42AD33-17D0-41B8-8523-AA0FD229BA56}.Release-net452|Any CPU.Build.0 = Release|Any CPU
		{4F42AD33-17D0-41B8-8523-AA0FD229BA56}.Release-net46|Any CPU.ActiveCfg = Release|Any CPU
		{4F42AD33-17D0-41B8-8523-AA0FD229BA56}.Release-net46|Any CPU.Build.0 = Release|Any CPU
		{4F42AD33-17D0-41B8-8523-AA0FD229BA56}.Release-net461|Any CPU.ActiveCfg = Release|Any CPU
		{4F42AD33-17D0-41B8-8523-AA0FD229BA56}.Release-net461|Any CPU.Build.0 = Release|Any CPU
		{A7A789A2-A941-4084-A52A-EDDA08C86F9D}.Debug|Any CPU.ActiveCfg = Debug|Any CPU
		{A7A789A2-A941-4084-A52A-EDDA08C86F9D}.Debug|Any CPU.Build.0 = Debug|Any CPU
		{A7A789A2-A941-4084-A52A-EDDA08C86F9D}.Release|Any CPU.ActiveCfg = Release|Any CPU
		{A7A789A2-A941-4084-A52A-EDDA08C86F9D}.Release|Any CPU.Build.0 = Release|Any CPU
		{A7A789A2-A941-4084-A52A-EDDA08C86F9D}.Release-net45|Any CPU.ActiveCfg = Release|Any CPU
		{A7A789A2-A941-4084-A52A-EDDA08C86F9D}.Release-net45|Any CPU.Build.0 = Release|Any CPU
		{A7A789A2-A941-4084-A52A-EDDA08C86F9D}.Release-net451|Any CPU.ActiveCfg = Release|Any CPU
		{A7A789A2-A941-4084-A52A-EDDA08C86F9D}.Release-net451|Any CPU.Build.0 = Release|Any CPU
		{A7A789A2-A941-4084-A52A-EDDA08C86F9D}.Release-net452|Any CPU.ActiveCfg = Release|Any CPU
		{A7A789A2-A941-4084-A52A-EDDA08C86F9D}.Release-net452|Any CPU.Build.0 = Release|Any CPU
		{A7A789A2-A941-4084-A52A-EDDA08C86F9D}.Release-net46|Any CPU.ActiveCfg = Release|Any CPU
		{A7A789A2-A941-4084-A52A-EDDA08C86F9D}.Release-net46|Any CPU.Build.0 = Release|Any CPU
		{A7A789A2-A941-4084-A52A-EDDA08C86F9D}.Release-net461|Any CPU.ActiveCfg = Release|Any CPU
		{A7A789A2-A941-4084-A52A-EDDA08C86F9D}.Release-net461|Any CPU.Build.0 = Release|Any CPU
		{03E4D82E-34E2-4676-929A-B3254CC6B69F}.Debug|Any CPU.ActiveCfg = Debug|Any CPU
		{03E4D82E-34E2-4676-929A-B3254CC6B69F}.Debug|Any CPU.Build.0 = Debug|Any CPU
		{03E4D82E-34E2-4676-929A-B3254CC6B69F}.Release|Any CPU.ActiveCfg = Release|Any CPU
		{03E4D82E-34E2-4676-929A-B3254CC6B69F}.Release|Any CPU.Build.0 = Release|Any CPU
		{03E4D82E-34E2-4676-929A-B3254CC6B69F}.Release-net45|Any CPU.ActiveCfg = Release|Any CPU
		{03E4D82E-34E2-4676-929A-B3254CC6B69F}.Release-net45|Any CPU.Build.0 = Release|Any CPU
		{03E4D82E-34E2-4676-929A-B3254CC6B69F}.Release-net451|Any CPU.ActiveCfg = Release|Any CPU
		{03E4D82E-34E2-4676-929A-B3254CC6B69F}.Release-net451|Any CPU.Build.0 = Release|Any CPU
		{03E4D82E-34E2-4676-929A-B3254CC6B69F}.Release-net452|Any CPU.ActiveCfg = Release|Any CPU
		{03E4D82E-34E2-4676-929A-B3254CC6B69F}.Release-net452|Any CPU.Build.0 = Release|Any CPU
		{03E4D82E-34E2-4676-929A-B3254CC6B69F}.Release-net46|Any CPU.ActiveCfg = Release|Any CPU
		{03E4D82E-34E2-4676-929A-B3254CC6B69F}.Release-net46|Any CPU.Build.0 = Release|Any CPU
		{03E4D82E-34E2-4676-929A-B3254CC6B69F}.Release-net461|Any CPU.ActiveCfg = Release|Any CPU
		{03E4D82E-34E2-4676-929A-B3254CC6B69F}.Release-net461|Any CPU.Build.0 = Release|Any CPU
	EndGlobalSection
	GlobalSection(SolutionProperties) = preSolution
		HideSolutionNode = FALSE
	EndGlobalSection
EndGlobal
